
Microsoft Visual Studio Solution File, Format Version 12.00
# Visual Studio Version 17
VisualStudioVersion = 17.10.35122.118
MinimumVisualStudioVersion = 10.0.40219.1
Project("{9A19103F-16F7-4668-BE54-9A1E7A4F7556}") = "BookStoreWeb", "BookStoreWeb\BookStoreWeb.csproj", "{E494D6FF-3080-40E2-9470-B96A716A900A}"
EndProject
Project("{9A19103F-16F7-4668-BE54-9A1E7A4F7556}") = "BookStore.DataAccess", "Bookstore.DataAccess\BookStore.DataAccess.csproj", "{1CDA391E-A863-454D-B830-3032A747269B}"
EndProject
Project("{9A19103F-16F7-4668-BE54-9A1E7A4F7556}") = "BookStore.Models", "BookStore.Models\BookStore.Models.csproj", "{DCDF5ECD-C7FA-4595-90E6-59DEC510C83B}"
EndProject
Project("{9A19103F-16F7-4668-BE54-9A1E7A4F7556}") = "BookStore.Utility", "BookStore.Utility\BookStore.Utility.csproj", "{A764576F-8BB4-4BD0-A769-1E82BE86F0F1}"
EndProject
Global
	GlobalSection(SolutionConfigurationPlatforms) = preSolution
		Debug|Any CPU = Debug|Any CPU
		Release|Any CPU = Release|Any CPU
	EndGlobalSection
	GlobalSection(ProjectConfigurationPlatforms) = postSolution
		{E494D6FF-3080-40E2-9470-B96A716A900A}.Debug|Any CPU.ActiveCfg = Debug|Any CPU
		{E494D6FF-3080-40E2-9470-B96A716A900A}.Debug|Any CPU.Build.0 = Debug|Any CPU
		{E494D6FF-3080-40E2-9470-B96A716A900A}.Release|Any CPU.ActiveCfg = Release|Any CPU
		{E494D6FF-3080-40E2-9470-B96A716A900A}.Release|Any CPU.Build.0 = Release|Any CPU
		{1CDA391E-A863-454D-B830-3032A747269B}.Debug|Any CPU.ActiveCfg = Debug|Any CPU
		{1CDA391E-A863-454D-B830-3032A747269B}.Debug|Any CPU.Build.0 = Debug|Any CPU
		{1CDA391E-A863-454D-B830-3032A747269B}.Release|Any CPU.ActiveCfg = Release|Any CPU
		{1CDA391E-A863-454D-B830-3032A747269B}.Release|Any CPU.Build.0 = Release|Any CPU
		{DCDF5ECD-C7FA-4595-90E6-59DEC510C83B}.Debug|Any CPU.ActiveCfg = Debug|Any CPU
		{DCDF5ECD-C7FA-4595-90E6-59DEC510C83B}.Debug|Any CPU.Build.0 = Debug|Any CPU
		{DCDF5ECD-C7FA-4595-90E6-59DEC510C83B}.Release|Any CPU.ActiveCfg = Release|Any CPU
		{DCDF5ECD-C7FA-4595-90E6-59DEC510C83B}.Release|Any CPU.Build.0 = Release|Any CPU
		{A764576F-8BB4-4BD0-A769-1E82BE86F0F1}.Debug|Any CPU.ActiveCfg = Debug|Any CPU
		{A764576F-8BB4-4BD0-A769-1E82BE86F0F1}.Debug|Any CPU.Build.0 = Debug|Any CPU
		{A764576F-8BB4-4BD0-A769-1E82BE86F0F1}.Release|Any CPU.ActiveCfg = Release|Any CPU
		{A764576F-8BB4-4BD0-A769-1E82BE86F0F1}.Release|Any CPU.Build.0 = Release|Any CPU
	EndGlobalSection
	GlobalSection(SolutionProperties) = preSolution
		HideSolutionNode = FALSE
	EndGlobalSection
	GlobalSection(ExtensibilityGlobals) = postSolution
		SolutionGuid = {001AE731-C672-4C2F-A6A6-AF3452DAE928}
	EndGlobalSection
EndGlobal
